github.com/caarlos0/env/v6 v6.8.0 h1:abF9JinEXaibthiOowf4uSnRBWN66aJOxSpHLH67jeI=
github.com/caarlos0/env/v6 v6.8.0/go.mod h1:FE0jGiAnQqtv2TenJ4KTa8+/T2Ss8kdS5s1VEjasoN0=
github.com/go-chi/chi/v5 v5.0.7 h1:rDTPXLDHGATaeHvVlLcR4Qe0zftYethFucbjVQ1PxU8=
github.com/go-chi/chi/v5 v5.0.7/go.mod h1:DslCQbL2OYiznFReuXYUmQ2hGd1aDpCnlMNITLSKoi8=
